<?xml version="1.0" encoding="utf-8"?>
<Project ToolsVersion="4.0" xmlns="http://schemas.microsoft.com/developer/msbuild/2003">
  <ItemGroup>
    <Filter Include="Source Files">
      <UniqueIdentifier>{4FC737F1-C7A5-4376-A066-2A32D752A2FF}</UniqueIdentifier>
      <Extensions>cpp;c;cc;cxx;c++;cppm;ixx;def;odl;idl;hpj;bat;asm;asmx</Extensions>
    </Filter>
    <Filter Include="Header Files">
      <UniqueIdentifier>{93995380-89BD-4b04-88EB-625FBE52EBFB}</UniqueIdentifier>
      <Extensions>h;hh;hpp;hxx;h++;hm;inl;inc;ipp;xsd</Extensions>
    </Filter>
    <Filter Include="Resource Files">
      <UniqueIdentifier>{67DA6AB6-F800-4c08-8B7A-83BB121AAD01}</UniqueIdentifier>
      <Extensions>rc;ico;cur;bmp;dlg;rc2;rct;bin;rgs;gif;jpg;jpeg;jpe;resx;tiff;tif;png;wav;mfcribbon-ms</Extensions>
    </Filter>
    <Filter Include="Header Files\Cases">
      <UniqueIdentifier>{5362857b-cd29-412b-8ded-8186c33434a8}</UniqueIdentifier>
    </Filter>
    <Filter Include="Header Files\Cases\IntSet">
      <UniqueIdentifier>{c93794b3-e5f3-4cec-9362-b94a1cdf2c3f}</UniqueIdentifier>
    </Filter>
    <Filter Include="Header Files\Cases\PathProblem">
      <UniqueIdentifier>{8ee7676d-baeb-4fdd-9d54-e64076ec4929}</UniqueIdentifier>
    </Filter>
    <Filter Include="Source Files\IntSet">
      <UniqueIdentifier>{b79d075d-f856-4298-9f09-019f93afa42e}</UniqueIdentifier>
    </Filter>
    <Filter Include="Header Files\Utilities">
      <UniqueIdentifier>{a17fc4cd-15e2-48a3-aac3-b2e52f5750c9}</UniqueIdentifier>
    </Filter>
    <Filter Include="Source Files\Utilities">
      <UniqueIdentifier>{dfedba3c-458c-4975-94d4-6e0d78f06792}</UniqueIdentifier>
    </Filter>
  </ItemGroup>
  <ItemGroup>
    <ClCompile Include="main.cpp">
      <Filter>Source Files</Filter>
    </ClCompile>
    <ClCompile Include="IntSetMethods.cpp">
      <Filter>Source Files\IntSet</Filter>
    </ClCompile>
    <ClCompile Include="IntSet.cpp">
      <Filter>Source Files\IntSet</Filter>
    </ClCompile>
    <ClCompile Include="PlayIntSet.cpp">
      <Filter>Source Files\IntSet</Filter>
    </ClCompile>
    <ClCompile Include="parse.cpp">
      <Filter>Source Files\Utilities</Filter>
    </ClCompile>
    <ClCompile Include="StringMethods.cpp">
      <Filter>Source Files\Utilities</Filter>
    </ClCompile>
  </ItemGroup>
  <ItemGroup>
    <ClInclude Include="ModelFMDP.h">
      <Filter>Header Files</Filter>
    </ClInclude>
    <ClInclude Include="IntSet.h">
      <Filter>Header Files\Cases\IntSet</Filter>
    </ClInclude>
    <ClInclude Include="IntSetMethods.h">
      <Filter>Header Files\Cases\IntSet</Filter>
    </ClInclude>
    <ClInclude Include="IntSetProblem.h">
      <Filter>Header Files\Cases\IntSet</Filter>
    </ClInclude>
    <ClInclude Include="PlayIntSet.h">
      <Filter>Header Files\Cases\IntSet</Filter>
    </ClInclude>
    <ClInclude Include="PathProblem.h">
      <Filter>Header Files\Cases\PathProblem</Filter>
    </ClInclude>
    <ClInclude Include="parse.h">
      <Filter>Header Files\Utilities</Filter>
    </ClInclude>
    <ClInclude Include="MathStuff.h">
      <Filter>Header Files\Utilities</Filter>
    </ClInclude>
    <ClInclude Include="StringMethods.h">
      <Filter>Header Files\Utilities</Filter>
    </ClInclude>
  </ItemGroup>
</Project>